
Microsoft Visual Studio Solution File, Format Version 12.00
# Visual Studio 14
VisualStudioVersion = 14.0.25420.1
MinimumVisualStudioVersion = 10.0.40219.1
Project("{FAE04EC0-301F-11D3-BF4B-00C04F79EFBC}") = "WCFClient", "WCFClient\WCFClient.csproj", "{E583F61E-4380-4EC5-AA7F-44DA8037F593}"
EndProject
Project("{FAE04EC0-301F-11D3-BF4B-00C04F79EFBC}") = "WCFHost", "WCFHost\WCFHost.csproj", "{AA966692-F3A7-4FFF-BD88-15B653256C30}"
EndProject
Project("{FAE04EC0-301F-11D3-BF4B-00C04F79EFBC}") = "WCFService", "WCFService\WCFService.csproj", "{AAF8BCC6-70A9-4EE9-A77D-45E89C18093E}"
EndProject
Project("{FAE04EC0-301F-11D3-BF4B-00C04F79EFBC}") = "WCFProxy", "WCFProxy\WCFProxy.csproj", "{0B874FC4-C504-4E1E-B75C-C5B614D2E573}"
EndProject
Project("{FAE04EC0-301F-11D3-BF4B-00C04F79EFBC}") = "Common", "Common\Common.csproj", "{E537B581-DC41-437E-8DA9-5D00D9BDEBE6}"
EndProject
Project("{FAE04EC0-301F-11D3-BF4B-00C04F79EFBC}") = "WCFContract", "WCFContract\WCFContract.csproj", "{C6583275-0D1D-4C2C-8519-19C0F1EEEF2D}"
EndProject
Project("{FAE04EC0-301F-11D3-BF4B-00C04F79EFBC}") = "WCFModel", "WCFModel\WCFModel.csproj", "{A6E8D581-179C-4171-8D76-107B28B8D983}"
EndProject
Project("{2150E333-8FDC-42A3-9474-1A3956D46DE8}") = "Common", "Common", "{193C4081-BE06-4E5A-9EE8-B2B654BEF1A4}"
EndProject
Project("{2150E333-8FDC-42A3-9474-1A3956D46DE8}") = "Server", "Server", "{69F4B32F-C6C2-4527-BFA6-5FC0AE0EBD27}"
EndProject
Project("{2150E333-8FDC-42A3-9474-1A3956D46DE8}") = "Client", "Client", "{83F2C75A-C4FA-4E0F-B08B-5DBF61BBD417}"
EndProject
Global
	GlobalSection(SolutionConfigurationPlatforms) = preSolution
		Debug|Any CPU = Debug|Any CPU
		Release|Any CPU = Release|Any CPU
	EndGlobalSection
	GlobalSection(ProjectConfigurationPlatforms) = postSolution
		{E583F61E-4380-4EC5-AA7F-44DA8037F593}.Debug|Any CPU.ActiveCfg = Debug|Any CPU
		{E583F61E-4380-4EC5-AA7F-44DA8037F593}.Debug|Any CPU.Build.0 = Debug|Any CPU
		{E583F61E-4380-4EC5-AA7F-44DA8037F593}.Release|Any CPU.ActiveCfg = Release|Any CPU
		{E583F61E-4380-4EC5-AA7F-44DA8037F593}.Release|Any CPU.Build.0 = Release|Any CPU
		{AA966692-F3A7-4FFF-BD88-15B653256C30}.Debug|Any CPU.ActiveCfg = Debug|Any CPU
		{AA966692-F3A7-4FFF-BD88-15B653256C30}.Debug|Any CPU.Build.0 = Debug|Any CPU
		{AA966692-F3A7-4FFF-BD88-15B653256C30}.Release|Any CPU.ActiveCfg = Release|Any CPU
		{AA966692-F3A7-4FFF-BD88-15B653256C30}.Release|Any CPU.Build.0 = Release|Any CPU
		{AAF8BCC6-70A9-4EE9-A77D-45E89C18093E}.Debug|Any CPU.ActiveCfg = Debug|Any CPU
		{AAF8BCC6-70A9-4EE9-A77D-45E89C18093E}.Debug|Any CPU.Build.0 = Debug|Any CPU
		{AAF8BCC6-70A9-4EE9-A77D-45E89C18093E}.Release|Any CPU.ActiveCfg = Release|Any CPU
		{AAF8BCC6-70A9-4EE9-A77D-45E89C18093E}.Release|Any CPU.Build.0 = Release|Any CPU
		{0B874FC4-C504-4E1E-B75C-C5B614D2E573}.Debug|Any CPU.ActiveCfg = Debug|Any CPU
		{0B874FC4-C504-4E1E-B75C-C5B614D2E573}.Debug|Any CPU.Build.0 = Debug|Any CPU
		{0B874FC4-C504-4E1E-B75C-C5B614D2E573}.Release|Any CPU.ActiveCfg = Release|Any CPU
		{0B874FC4-C504-4E1E-B75C-C5B614D2E573}.Release|Any CPU.Build.0 = Release|Any CPU
		{E537B581-DC41-437E-8DA9-5D00D9BDEBE6}.Debug|Any CPU.ActiveCfg = Debug|Any CPU
		{E537B581-DC41-437E-8DA9-5D00D9BDEBE6}.Debug|Any CPU.Build.0 = Debug|Any CPU
		{E537B581-DC41-437E-8DA9-5D00D9BDEBE6}.Release|Any CPU.ActiveCfg = Release|Any CPU
		{E537B581-DC41-437E-8DA9-5D00D9BDEBE6}.Release|Any CPU.Build.0 = Release|Any CPU
		{C6583275-0D1D-4C2C-8519-19C0F1EEEF2D}.Debug|Any CPU.ActiveCfg = Debug|Any CPU
		{C6583275-0D1D-4C2C-8519-19C0F1EEEF2D}.Debug|Any CPU.Build.0 = Debug|Any CPU
		{C6583275-0D1D-4C2C-8519-19C0F1EEEF2D}.Release|Any CPU.ActiveCfg = Release|Any CPU
		{C6583275-0D1D-4C2C-8519-19C0F1EEEF2D}.Release|Any CPU.Build.0 = Release|Any CPU
		{A6E8D581-179C-4171-8D76-107B28B8D983}.Debug|Any CPU.ActiveCfg = Debug|Any CPU
		{A6E8D581-179C-4171-8D76-107B28B8D983}.Debug|Any CPU.Build.0 = Debug|Any CPU
		{A6E8D581-179C-4171-8D76-107B28B8D983}.Release|Any CPU.ActiveCfg = Release|Any CPU
		{A6E8D581-179C-4171-8D76-107B28B8D983}.Release|Any CPU.Build.0 = Release|Any CPU
	EndGlobalSection
	GlobalSection(SolutionProperties) = preSolution
		HideSolutionNode = FALSE
	EndGlobalSection
	GlobalSection(NestedProjects) = preSolution
		{E583F61E-4380-4EC5-AA7F-44DA8037F593} = {83F2C75A-C4FA-4E0F-B08B-5DBF61BBD417}
		{AA966692-F3A7-4FFF-BD88-15B653256C30} = {69F4B32F-C6C2-4527-BFA6-5FC0AE0EBD27}
		{AAF8BCC6-70A9-4EE9-A77D-45E89C18093E} = {69F4B32F-C6C2-4527-BFA6-5FC0AE0EBD27}
		{0B874FC4-C504-4E1E-B75C-C5B614D2E573} = {83F2C75A-C4FA-4E0F-B08B-5DBF61BBD417}
		{E537B581-DC41-437E-8DA9-5D00D9BDEBE6} = {193C4081-BE06-4E5A-9EE8-B2B654BEF1A4}
		{C6583275-0D1D-4C2C-8519-19C0F1EEEF2D} = {193C4081-BE06-4E5A-9EE8-B2B654BEF1A4}
		{A6E8D581-179C-4171-8D76-107B28B8D983} = {193C4081-BE06-4E5A-9EE8-B2B654BEF1A4}
	EndGlobalSection
EndGlobal
